<?xml version="1.0" encoding="utf-8"?>
<Project ToolsVersion="4.0" xmlns="http://schemas.microsoft.com/developer/msbuild/2003">
  <ItemGroup>
    <ClCompile Include="CommonLibrary.cpp" />
    <ClCompile Include="Test_LIB.cpp" />
  </ItemGroup>
  <ItemGroup>
    <Text Include="ExportFileXCopyExclude.txt" />
  </ItemGroup>
  <ItemGroup>
    <ClInclude Include="Test_LIB.h" />
  </ItemGroup>
</Project>